Microsoft Visual Studio Solution File, Format Version 8.00
Project("{FAE04EC0-301F-11D3-BF4B-00C04F79EFBC}") = "AssemblyInfoUtil", "AssemblyInfoUtil.csproj", "{E8E41672-DC17-4F3F-B0DF-BCD775B1A8A2}"
	ProjectSection(ProjectDependencies) = postProject
	EndProjectSection
EndProject
Global
	GlobalSection(SolutionConfiguration) = preSolution
		Debug = Debug
		Release = Release
	EndGlobalSection
	GlobalSection(ProjectConfiguration) = postSolution
		{E8E41672-DC17-4F3F-B0DF-BCD775B1A8A2}.Debug.ActiveCfg = Debug|.NET
		{E8E41672-DC17-4F3F-B0DF-BCD775B1A8A2}.Debug.Build.0 = Debug|.NET
		{E8E41672-DC17-4F3F-B0DF-BCD775B1A8A2}.Release.ActiveCfg = Release|.NET
		{E8E41672-DC17-4F3F-B0DF-BCD775B1A8A2}.Release.Build.0 = Release|.NET
	EndGlobalSection
	GlobalSection(ExtensibilityGlobals) = postSolution
	EndGlobalSection
	GlobalSection(ExtensibilityAddIns) = postSolution
	EndGlobalSection
EndGlobal
